// !$*UTF8*$!
{
	archiveVersion = 1;
	classes = {
	};
	objectVersion = 50;
	objects = {

/* Begin PBXBuildFile section */
		A06EE67F229EF89900D2F9AA /* AppDelegate.swift in Sources */ = {isa = PBXBuildFile; fileRef = A06EE67E229EF89900D2F9AA /* AppDelegate.swift */; };
		A06EE681229EF89900D2F9AA /* ViewController.swift in Sources */ = {isa = PBXBuildFile; fileRef = A06EE680229EF89900D2F9AA /* ViewController.swift */; };
		A06EE684229EF89900D2F9AA /* Main.storyboard in Resources */ = {isa = PBXBuildFile; fileRef = A06EE682229EF89900D2F9AA /* Main.storyboard */; };
		A06EE686229EF89A00D2F9AA /* Assets.xcassets in Resources */ = {isa = PBXBuildFile; fileRef = A06EE685229EF89A00D2F9AA /* Assets.xcassets */; };
		A06EE689229EF89A00D2F9AA /* LaunchScreen.storyboard in Resources */ = {isa = PBXBuildFile; fileRef = A06EE687229EF89A00D2F9AA /* LaunchScreen.storyboard */; };
		CF07730533E50BD63290EDC2 /* Pods_Robobo.framework in Frameworks */ = {isa = PBXBuildFile; fileRef = 50B89872AFA0991830AA319D /* Pods_Robobo.framework */; };
/* End PBXBuildFile section */

/* Begin PBXFileReference section */
		50B89872AFA0991830AA319D /* Pods_Robobo.framework */ = {isa = PBXFileReference; explicitFileType = wrapper.framework; includeInIndex = 0; path = Pods_Robobo.framework; sourceTree = BUILT_PRODUCTS_DIR; };
		761EB9AC4336BE025B1413C4 /* Pods-Robobo.release.xcconfig */ = {isa = PBXFileReference; includeInIndex = 1; lastKnownFileType = text.xcconfig; name = "Pods-Robobo.release.xcconfig"; path = "Target Support Files/Pods-Robobo/Pods-Robobo.release.xcconfig"; sourceTree = "<group>"; };
		A06EE67B229EF89900D2F9AA /* Robobo.app */ = {isa = PBXFileReference; explicitFileType = wrapper.application; includeInIndex = 0; path = Robobo.app; sourceTree = BUILT_PRODUCTS_DIR; };
		A06EE67E229EF89900D2F9AA /* AppDelegate.swift */ = {isa = PBXFileReference; lastKnownFileType = sourcecode.swift; path = AppDelegate.swift; sourceTree = "<group>"; };
		A06EE680229EF89900D2F9AA /* ViewController.swift */ = {isa = PBXFileReference; lastKnownFileType = sourcecode.swift; path = ViewController.swift; sourceTree = "<group>"; };
		A06EE683229EF89900D2F9AA /* Base */ = {isa = PBXFileReference; lastKnownFileType = file.storyboard; name = Base; path = Base.lproj/Main.storyboard; sourceTree = "<group>"; };
		A06EE685229EF89A00D2F9AA /* Assets.xcassets */ = {isa = PBXFileReference; lastKnownFileType = folder.assetcatalog; path = Assets.xcassets; sourceTree = "<group>"; };
		A06EE688229EF89A00D2F9AA /* Base */ = {isa = PBXFileReference; lastKnownFileType = file.storyboard; name = Base; path = Base.lproj/LaunchScreen.storyboard; sourceTree = "<group>"; };
		A06EE68A229EF89A00D2F9AA /* Info.plist */ = {isa = PBXFileReference; lastKnownFileType = text.plist.xml; path = Info.plist; sourceTree = "<group>"; };
		FEE00B67F40277460CC2B484 /* Pods-Robobo.debug.xcconfig */ = {isa = PBXFileReference; includeInIndex = 1; lastKnownFileType = text.xcconfig; name = "Pods-Robobo.debug.xcconfig"; path = "Target Support Files/Pods-Robobo/Pods-Robobo.debug.xcconfig"; sourceTree = "<group>"; };
/* End PBXFileReference section */

/* Begin PBXFrameworksBuildPhase section */
		A06EE678229EF89900D2F9AA /* Frameworks */ = {
			isa = PBXFrameworksBuildPhase;
			buildActionMask = 2147483647;
			files = (
				CF07730533E50BD63290EDC2 /* Pods_Robobo.framework in Frameworks */,
			);
			runOnlyForDeploymentPostprocessing = 0;
		};
/* End PBXFrameworksBuildPhase section */

/* Begin PBXGroup section */
		25FBA15DDB7449C1B928091D /* Pods */ = {
			isa = PBXGroup;
			children = (
				FEE00B67F40277460CC2B484 /* Pods-Robobo.debug.xcconfig */,
				761EB9AC4336BE025B1413C4 /* Pods-Robobo.release.xcconfig */,
			);
			name = Pods;
			path = Pods;
			sourceTree = "<group>";
		};
		73DDBC88FD7A8FD240DC4F07 /* Frameworks */ = {
			isa = PBXGroup;
			children = (
				50B89872AFA0991830AA319D /* Pods_Robobo.framework */,
			);
			name = Frameworks;
			sourceTree = "<group>";
		};
		A06EE672229EF89900D2F9AA = {
			isa = PBXGroup;
			children = (
				A06EE67D229EF89900D2F9AA /* Robobo */,
				A06EE67C229EF89900D2F9AA /* Products */,
				25FBA15DDB7449C1B928091D /* Pods */,
				73DDBC88FD7A8FD240DC4F07 /* Frameworks */,
			);
			sourceTree = "<group>";
		};
		A06EE67C229EF89900D2F9AA /* Products */ = {
			isa = PBXGroup;
			children = (
				A06EE67B229EF89900D2F9AA /* Robobo.app */,
			);
			name = Products;
			sourceTree = "<group>";
		};
		A06EE67D229EF89900D2F9AA /* Robobo */ = {
			isa = PBXGroup;
			children = (
				A06EE67E229EF89900D2F9AA /* AppDelegate.swift */,
				A06EE680229EF89900D2F9AA /* ViewController.swift */,
				A06EE682229EF89900D2F9AA /* Main.storyboard */,
				A06EE685229EF89A00D2F9AA /* Assets.xcassets */,
				A06EE687229EF89A00D2F9AA /* LaunchScreen.storyboard */,
				A06EE68A229EF89A00D2F9AA /* Info.plist */,
			);
			path = Robobo;
			sourceTree = "<group>";
		};
/* End PBXGroup section */

/* Begin PBXNativeTarget section */
		A06EE67A229EF89900D2F9AA /* Robobo */ = {
			isa = PBXNativeTarget;
			buildConfigurationList = A06EE68D229EF89A00D2F9AA /* Build configuration list for PBXNativeTarget "Robobo" */;
			buildPhases = (
				769CF69BA43CAC2ACB4835DA /* [CP] Check Pods Manifest.lock */,
				A06EE677229EF89900D2F9AA /* Sources */,
				A06EE678229EF89900D2F9AA /* Frameworks */,
				A06EE679229EF89900D2F9AA /* Resources */,
				78181600E729E29A1C2624D6 /* [CP] Embed Pods Frameworks */,
			);
			buildRules = (
			);
			dependencies = (
			);
			name = Robobo;
			productName = Robobo;
			productReference = A06EE67B229EF89900D2F9AA /* Robobo.app */;
			productType = "com.apple.product-type.application";
		};
/* End PBXNativeTarget section */

/* Begin PBXProject section */
		A06EE673229EF89900D2F9AA /* Project object */ = {
			isa = PBXProject;
			attributes = {
				LastSwiftUpdateCheck = 1020;
				LastUpgradeCheck = 1020;
				ORGANIZATIONNAME = "MANUFACTURA DE INGENIOS TECNOLOGICOS SL";
				TargetAttributes = {
					A06EE67A229EF89900D2F9AA = {
						CreatedOnToolsVersion = 10.2.1;
					};
				};
			};
			buildConfigurationList = A06EE676229EF89900D2F9AA /* Build configuration list for PBXProject "Robobo" */;
			compatibilityVersion = "Xcode 9.3";
			developmentRegion = en;
			hasScannedForEncodings = 0;
			knownRegions = (
				en,
				Base,
			);
			mainGroup = A06EE672229EF89900D2F9AA;
			productRefGroup = A06EE67C229EF89900D2F9AA /* Products */;
			projectDirPath = "";
			projectRoot = "";
			targets = (
				A06EE67A229EF89900D2F9AA /* Robobo */,
			);
		};
/* End PBXProject section */

/* Begin PBXResourcesBuildPhase section */
		A06EE679229EF89900D2F9AA /* Resources */ = {
			isa = PBXResourcesBuildPhase;
			buildActionMask = 2147483647;
			files = (
				A06EE689229EF89A00D2F9AA /* LaunchScreen.storyboard in Resources */,
				A06EE686229EF89A00D2F9AA /* Assets.xcassets in Resources */,
				A06EE684229EF89900D2F9AA /* Main.storyboard in Resources */,
			);
			runOnlyForDeploymentPostprocessing = 0;
		};
/* End PBXResourcesBuildPhase section */

/* Begin PBXShellScriptBuildPhase section */
		769CF69BA43CAC2ACB4835DA /* [CP] Check Pods Manifest.lock */ = {
			isa = PBXShellScriptBuildPhase;
			buildActionMask = 2147483647;
			files = (
			);
			inputFileListPaths = (
			);
			inputPaths = (
				"${PODS_PODFILE_DIR_PATH}/Podfile.lock",
				"${PODS_ROOT}/Manifest.lock",
			);
			name = "[CP] Check Pods Manifest.lock";
			outputFileListPaths = (
			);
			outputPaths = (
				"$(DERIVED_FILE_DIR)/Pods-Robobo-checkManifestLockResult.txt",
			);
			runOnlyForDeploymentPostprocessing = 0;
			shellPath = /bin/sh;
			shellScript = "diff \"${PODS_PODFILE_DIR_PATH}/Podfile.lock\" \"${PODS_ROOT}/Manifest.lock\" > /dev/null\nif [ $? != 0 ] ; then\n    # print error to STDERR\n    echo \"error: The sandbox is not in sync with the Podfile.lock. Run 'pod install' or update your CocoaPods installation.\" >&2\n    exit 1\nfi\n# This output is used by Xcode 'outputs' to avoid re-running this script phase.\necho \"SUCCESS\" > \"${SCRIPT_OUTPUT_FILE_0}\"\n";
			showEnvVarsInLog = 0;
		};
		78181600E729E29A1C2624D6 /* [CP] Embed Pods Frameworks */ = {
			isa = PBXShellScriptBuildPhase;
			buildActionMask = 2147483647;
			files = (
			);
			inputFileListPaths = (
				"${PODS_ROOT}/Target Support Files/Pods-Robobo/Pods-Robobo-frameworks-${CONFIGURATION}-input-files.xcfilelist",
			);
			name = "[CP] Embed Pods Frameworks";
			outputFileListPaths = (
				"${PODS_ROOT}/Target Support Files/Pods-Robobo/Pods-Robobo-frameworks-${CONFIGURATION}-output-files.xcfilelist",
			);
			runOnlyForDeploymentPostprocessing = 0;
			shellPath = /bin/sh;
			shellScript = "\"${PODS_ROOT}/Target Support Files/Pods-Robobo/Pods-Robobo-frameworks.sh\"\n";
			showEnvVarsInLog = 0;
		};
/* End PBXShellScriptBuildPhase section */

/* Begin PBXSourcesBuildPhase section */
		A06EE677229EF89900D2F9AA /* Sources */ = {
			isa = PBXSourcesBuildPhase;
			buildActionMask = 2147483647;
			files = (
				A06EE681229EF89900D2F9AA /* ViewController.swift in Sources */,
				A06EE67F229EF89900D2F9AA /* AppDelegate.swift in Sources */,
			);
			runOnlyForDeploymentPostprocessing = 0;
		};
/* End PBXSourcesBuildPhase section */

/* Begin PBXVariantGroup section */
		A06EE682229EF89900D2F9AA /* Main.storyboard */ = {
			isa = PBXVariantGroup;
			children = (
				A06EE683229EF89900D2F9AA /* Base */,
			);
			name = Main.storyboard;
			sourceTree = "<group>";
		};
		A06EE687229EF89A00D2F9AA /* LaunchScreen.storyboard */ = {
			isa = PBXVariantGroup;
			children = (
				A06EE688229EF89A00D2F9AA /* Base */,
			);
			name = LaunchScreen.storyboard;
			sourceTree = "<group>";
		};
/* End PBXVariantGroup section */

/* Begin XCBuildConfiguration section */
		A06EE68B229EF89A00D2F9AA /* Debug */ = {
			isa = XCBuildConfiguration;
			buildSettings = {
				ALWAYS_SEARCH_USER_PATHS = NO;
				CLANG_ANALYZER_NONNULL = YES;
				CLANG_ANALYZER_NUMBER_OBJECT_CONVERSION = YES_AGGRESSIVE;
				CLANG_CXX_LANGUAGE_STANDARD = "gnu++14";
				CLANG_CXX_LIBRARY = "libc++";
				CLANG_ENABLE_MODULES = YES;
				CLANG_ENABLE_OBJC_ARC = YES;
				CLANG_ENABLE_OBJC_WEAK = YES;
				CLANG_WARN_BLOCK_CAPTURE_AUTORELEASING = YES;
				CLANG_WARN_BOOL_CONVERSION = YES;
				CLANG_WARN_COMMA = YES;
				CLANG_WARN_CONSTANT_CONVERSION = YES;
				CLANG_WARN_DEPRECATED_OBJC_IMPLEMENTATIONS = YES;
				CLANG_WARN_DIRECT_OBJC_ISA_USAGE = YES_ERROR;
				CLANG_WARN_DOCUMENTATION_COMMENTS = YES;
				CLANG_WARN_EMPTY_BODY = YES;
				CLANG_WARN_ENUM_CONVERSION = YES;
				CLANG_WARN_INFINITE_RECURSION = YES;
				CLANG_WARN_INT_CONVERSION = YES;
				CLANG_WARN_NON_LITERAL_NULL_CONVERSION = YES;
				CLANG_WARN_OBJC_IMPLICIT_RETAIN_SELF = YES;
				CLANG_WARN_OBJC_LITERAL_CONVERSION = YES;
				CLANG_WARN_OBJC_ROOT_CLASS = YES_ERROR;
				CLANG_WARN_RANGE_LOOP_ANALYSIS = YES;
				CLANG_WARN_STRICT_PROTOTYPES = YES;
				CLANG_WARN_SUSPICIOUS_MOVE = YES;
				CLANG_WARN_UNGUARDED_AVAILABILITY = YES_AGGRESSIVE;
				CLANG_WARN_UNREACHABLE_CODE = YES;
				CLANG_WARN__DUPLICATE_METHOD_MATCH = YES;
				CODE_SIGN_IDENTITY = "iPhone Developer";
				COPY_PHASE_STRIP = NO;
				DEBUG_INFORMATION_FORMAT = dwarf;
				ENABLE_STRICT_OBJC_MSGSEND = YES;
				ENABLE_TESTABILITY = YES;
				GCC_C_LANGUAGE_STANDARD = gnu11;
				GCC_DYNAMIC_NO_PIC = NO;
				GCC_NO_COMMON_BLOCKS = YES;
				GCC_OPTIMIZATION_LEVEL = 0;
				GCC_PREPROCESSOR_DEFINITIONS = (
					"DEBUG=1",
					"$(inherited)",
				);
				GCC_WARN_64_TO_32_BIT_CONVERSION = YES;
				GCC_WARN_ABOUT_RETURN_TYPE = YES_ERROR;
				GCC_WARN_UNDECLARED_SELECTOR = YES;
				GCC_WARN_UNINITIALIZED_AUTOS = YES_AGGRESSIVE;
				GCC_WARN_UNUSED_FUNCTION = YES;
				GCC_WARN_UNUSED_VARIABLE = YES;
				IPHONEOS_DEPLOYMENT_TARGET = 12.2;
				MTL_ENABLE_DEBUG_INFO = INCLUDE_SOURCE;
				MTL_FAST_MATH = YES;
				ONLY_ACTIVE_ARCH = YES;
				SDKROOT = iphoneos;
				SWIFT_ACTIVE_COMPILATION_CONDITIONS = DEBUG;
				SWIFT_OPTIMIZATION_LEVEL = "-Onone";
			};
			name = Debug;
		};
		A06EE68C229EF89A00D2F9AA /* Release */ = {
			isa = XCBuildConfiguration;
			buildSettings = {
				ALWAYS_SEARCH_USER_PATHS = NO;
				CLANG_ANALYZER_NONNULL = YES;
				CLANG_ANALYZER_NUMBER_OBJECT_CONVERSION = YES_AGGRESSIVE;
				CLANG_CXX_LANGUAGE_STANDARD = "gnu++14";
				CLANG_CXX_LIBRARY = "libc++";
				CLANG_ENABLE_MODULES = YES;
				CLANG_ENABLE_OBJC_ARC = YES;
				CLANG_ENABLE_OBJC_WEAK = YES;
				CLANG_WARN_BLOCK_CAPTURE_AUTORELEASING = YES;
				CLANG_WARN_BOOL_CONVERSION = YES;
				CLANG_WARN_COMMA = YES;
				CLANG_WARN_CONSTANT_CONVERSION = YES;
				CLANG_WARN_DEPRECATED_OBJC_IMPLEMENTATIONS = YES;
				CLANG_WARN_DIRECT_OBJC_ISA_USAGE = YES_ERROR;
				CLANG_WARN_DOCUMENTATION_COMMENTS = YES;
				CLANG_WARN_EMPTY_BODY = YES;
				CLANG_WARN_ENUM_CONVERSION = YES;
				CLANG_WARN_INFINITE_RECURSION = YES;
				CLANG_WARN_INT_CONVERSION = YES;
				CLANG_WARN_NON_LITERAL_NULL_CONVERSION = YES;
				CLANG_WARN_OBJC_IMPLICIT_RETAIN_SELF = YES;
				CLANG_WARN_OBJC_LITERAL_CONVERSION = YES;
				CLANG_WARN_OBJC_ROOT_CLASS = YES_ERROR;
				CLANG_WARN_RANGE_LOOP_ANALYSIS = YES;
				CLANG_WARN_STRICT_PROTOTYPES = YES;
				CLANG_WARN_SUSPICIOUS_MOVE = YES;
				CLANG_WARN_UNGUARDED_AVAILABILITY = YES_AGGRESSIVE;
				CLANG_WARN_UNREACHABLE_CODE = YES;
				CLANG_WARN__DUPLICATE_METHOD_MATCH = YES;
				CODE_SIGN_IDENTITY = "iPhone Developer";
				COPY_PHASE_STRIP = NO;
				DEBUG_INFORMATION_FORMAT = "dwarf-with-dsym";
				ENABLE_NS_ASSERTIONS = NO;
				ENABLE_STRICT_OBJC_MSGSEND = YES;
				GCC_C_LANGUAGE_STANDARD = gnu11;
				GCC_NO_COMMON_BLOCKS = YES;
				GCC_WARN_64_TO_32_BIT_CONVERSION = YES;
				GCC_WARN_ABOUT_RETURN_TYPE = YES_ERROR;
				GCC_WARN_UNDECLARED_SELECTOR = YES;
				GCC_WARN_UNINITIALIZED_AUTOS = YES_AGGRESSIVE;
				GCC_WARN_UNUSED_FUNCTION = YES;
				GCC_WARN_UNUSED_VARIABLE = YES;
				IPHONEOS_DEPLOYMENT_TARGET = 12.2;
				MTL_ENABLE_DEBUG_INFO = NO;
				MTL_FAST_MATH = YES;
				SDKROOT = iphoneos;
				SWIFT_COMPILATION_MODE = wholemodule;
				SWIFT_OPTIMIZATION_LEVEL = "-O";
				VALIDATE_PRODUCT = YES;
			};
			name = Release;
		};
		A06EE68E229EF89A00D2F9AA /* Debug */ = {
			isa = XCBuildConfiguration;
			baseConfigurationReference = FEE00B67F40277460CC2B484 /* Pods-Robobo.debug.xcconfig */;
			buildSettings = {
				ASSETCATALOG_COMPILER_APPICON_NAME = AppIcon;
				CODE_SIGN_STYLE = Automatic;
				DEVELOPMENT_TEAM = UMDK4H4H7C;
				INFOPLIST_FILE = Robobo/Info.plist;
				IPHONEOS_DEPLOYMENT_TARGET = 10.0;
				LD_RUNPATH_SEARCH_PATHS = (
					"$(inherited)",
					"@executable_path/Frameworks",
				);
				PRODUCT_BUNDLE_IDENTIFIER = UMDK4H4H7C.com.mintforpeople.Robobo;
				PRODUCT_NAME = "$(TARGET_NAME)";
				SWIFT_VERSION = 5.0;
				TARGETED_DEVICE_FAMILY = "1,2";
			};
			name = Debug;
		};
		A06EE68F229EF89A00D2F9AA /* Release */ = {
			isa = XCBuildConfiguration;
			baseConfigurationReference = 761EB9AC4336BE025B1413C4 /* Pods-Robobo.release.xcconfig */;
			buildSettings = {
				ASSETCATALOG_COMPILER_APPICON_NAME = AppIcon;
				CODE_SIGN_STYLE = Automatic;
				DEVELOPMENT_TEAM = UMDK4H4H7C;
				INFOPLIST_FILE = Robobo/Info.plist;
				IPHONEOS_DEPLOYMENT_TARGET = 10.0;
				LD_RUNPATH_SEARCH_PATHS = (
					"$(inherited)",
					"@executable_path/Frameworks",
				);
				PRODUCT_BUNDLE_IDENTIFIER = UMDK4H4H7C.com.mintforpeople.Robobo;
				PRODUCT_NAME = "$(TARGET_NAME)";
				SWIFT_VERSION = 5.0;
				TARGETED_DEVICE_FAMILY = "1,2";
			};
			name = Release;
		};
/* End XCBuildConfiguration section */

/* Begin XCConfigurationList section */
		A06EE676229EF89900D2F9AA /* Build configuration list for PBXProject "Robobo" */ = {
			isa = XCConfigurationList;
			buildConfigurations = (
				A06EE68B229EF89A00D2F9AA /* Debug */,
				A06EE68C229EF89A00D2F9AA /* Release */,
			);
			defaultConfigurationIsVisible = 0;
			defaultConfigurationName = Release;
		};
		A06EE68D229EF89A00D2F9AA /* Build configuration list for PBXNativeTarget "Robobo" */ = {
			isa = XCConfigurationList;
			buildConfigurations = (
				A06EE68E229EF89A00D2F9AA /* Debug */,
				A06EE68F229EF89A00D2F9AA /* Release */,
			);
			defaultConfigurationIsVisible = 0;
			defaultConfigurationName = Release;
		};
/* End XCConfigurationList section */
	};
	rootObject = A06EE673229EF89900D2F9AA /* Project object */;
}
