// !$*UTF8*$!
{
	archiveVersion = 1;
	classes = {
	};
	objectVersion = 51;
	objects = {

/* Begin PBXBuildFile section */
		A0046EC82346519C006AF39F /* Localizable.strings in Resources */ = {isa = PBXBuildFile; fileRef = A0046ECA2346519C006AF39F /* Localizable.strings */; };
		A016DC02232FEBB80015CEE3 /* Roboto-Medium.ttf in Resources */ = {isa = PBXBuildFile; fileRef = A016DBEF232FEBB80015CEE3 /* Roboto-Medium.ttf */; };
		A016DC03232FEBB80015CEE3 /* Roboto-Light.ttf in Resources */ = {isa = PBXBuildFile; fileRef = A016DBF0232FEBB80015CEE3 /* Roboto-Light.ttf */; };
		A016DC04232FEBB80015CEE3 /* RobotoCondensed-Bold.ttf in Resources */ = {isa = PBXBuildFile; fileRef = A016DBF1232FEBB80015CEE3 /* RobotoCondensed-Bold.ttf */; };
		A016DC05232FEBB80015CEE3 /* RobotoCondensed-Light.ttf in Resources */ = {isa = PBXBuildFile; fileRef = A016DBF2232FEBB80015CEE3 /* RobotoCondensed-Light.ttf */; };
		A016DC06232FEBB80015CEE3 /* Roboto-Regular.ttf in Resources */ = {isa = PBXBuildFile; fileRef = A016DBF3232FEBB80015CEE3 /* Roboto-Regular.ttf */; };
		A016DC07232FEBB80015CEE3 /* Roboto-MediumItalic.ttf in Resources */ = {isa = PBXBuildFile; fileRef = A016DBF4232FEBB80015CEE3 /* Roboto-MediumItalic.ttf */; };
		A016DC08232FEBB80015CEE3 /* RobotoCondensed-Italic.ttf in Resources */ = {isa = PBXBuildFile; fileRef = A016DBF5232FEBB80015CEE3 /* RobotoCondensed-Italic.ttf */; };
		A016DC09232FEBB80015CEE3 /* RobotoCondensed-BoldItalic.ttf in Resources */ = {isa = PBXBuildFile; fileRef = A016DBF6232FEBB80015CEE3 /* RobotoCondensed-BoldItalic.ttf */; };
		A016DC0A232FEBB80015CEE3 /* Apache License.txt in Resources */ = {isa = PBXBuildFile; fileRef = A016DBF7232FEBB80015CEE3 /* Apache License.txt */; };
		A016DC0B232FEBB80015CEE3 /* RobotoCondensed-LightItalic.ttf in Resources */ = {isa = PBXBuildFile; fileRef = A016DBF8232FEBB80015CEE3 /* RobotoCondensed-LightItalic.ttf */; };
		A016DC0C232FEBB80015CEE3 /* Roboto-ThinItalic.ttf in Resources */ = {isa = PBXBuildFile; fileRef = A016DBF9232FEBB80015CEE3 /* Roboto-ThinItalic.ttf */; };
		A016DC0D232FEBB80015CEE3 /* RobotoCondensed-Regular.ttf in Resources */ = {isa = PBXBuildFile; fileRef = A016DBFA232FEBB80015CEE3 /* RobotoCondensed-Regular.ttf */; };
		A016DC0E232FEBB80015CEE3 /* Roboto-BoldItalic.ttf in Resources */ = {isa = PBXBuildFile; fileRef = A016DBFB232FEBB80015CEE3 /* Roboto-BoldItalic.ttf */; };
		A016DC0F232FEBB80015CEE3 /* Roboto-LightItalic.ttf in Resources */ = {isa = PBXBuildFile; fileRef = A016DBFC232FEBB80015CEE3 /* Roboto-LightItalic.ttf */; };
		A016DC10232FEBB80015CEE3 /* Roboto-Italic.ttf in Resources */ = {isa = PBXBuildFile; fileRef = A016DBFD232FEBB80015CEE3 /* Roboto-Italic.ttf */; };
		A016DC11232FEBB80015CEE3 /* Roboto-BlackItalic.ttf in Resources */ = {isa = PBXBuildFile; fileRef = A016DBFE232FEBB80015CEE3 /* Roboto-BlackItalic.ttf */; };
		A016DC12232FEBB80015CEE3 /* Roboto-Bold.ttf in Resources */ = {isa = PBXBuildFile; fileRef = A016DBFF232FEBB80015CEE3 /* Roboto-Bold.ttf */; };
		A016DC13232FEBB80015CEE3 /* Roboto-Thin.ttf in Resources */ = {isa = PBXBuildFile; fileRef = A016DC00232FEBB80015CEE3 /* Roboto-Thin.ttf */; };
		A016DC14232FEBB80015CEE3 /* Roboto-Black.ttf in Resources */ = {isa = PBXBuildFile; fileRef = A016DC01232FEBB80015CEE3 /* Roboto-Black.ttf */; };
		A059103B232798060027CF84 /* logo_ios_458.png in Resources */ = {isa = PBXBuildFile; fileRef = A059103A232798060027CF84 /* logo_ios_458.png */; };
		A05910412327BA400027CF84 /* green_pressed_458.png in Resources */ = {isa = PBXBuildFile; fileRef = A059103D2327BA3F0027CF84 /* green_pressed_458.png */; };
		A05910422327BA400027CF84 /* orange_Unpressed_458.png in Resources */ = {isa = PBXBuildFile; fileRef = A059103E2327BA400027CF84 /* orange_Unpressed_458.png */; };
		A05910432327BA400027CF84 /* green_unpressed_458.png in Resources */ = {isa = PBXBuildFile; fileRef = A059103F2327BA400027CF84 /* green_unpressed_458.png */; };
		A05910452327BB350027CF84 /* ImageButton.swift in Sources */ = {isa = PBXBuildFile; fileRef = A05910442327BB350027CF84 /* ImageButton.swift */; };
		A059104B2328E3780027CF84 /* orange_pressed.png in Resources */ = {isa = PBXBuildFile; fileRef = A059104A2328E3780027CF84 /* orange_pressed.png */; };
		A062637B22C2654000D39558 /* AccelerationLineGraphController.swift in Sources */ = {isa = PBXBuildFile; fileRef = A062637A22C2654000D39558 /* AccelerationLineGraphController.swift */; };
		A062637D22C2701200D39558 /* CounterView.swift in Sources */ = {isa = PBXBuildFile; fileRef = A062637C22C2701200D39558 /* CounterView.swift */; };
		A062637F22C37F2700D39558 /* RoboboWidgetContainer.swift in Sources */ = {isa = PBXBuildFile; fileRef = A062637E22C37F2700D39558 /* RoboboWidgetContainer.swift */; };
		A062638122C38EAE00D39558 /* RoboboLogWidget.swift in Sources */ = {isa = PBXBuildFile; fileRef = A062638022C38EAE00D39558 /* RoboboLogWidget.swift */; };
		A0691BD2232FCDBA00E80AB2 /* green-pressed_espacio.png in Resources */ = {isa = PBXBuildFile; fileRef = A0691BD0232FCDBA00E80AB2 /* green-pressed_espacio.png */; };
		A0691BD3232FCDBA00E80AB2 /* orangre_pressed_espacio.png in Resources */ = {isa = PBXBuildFile; fileRef = A0691BD1232FCDBA00E80AB2 /* orangre_pressed_espacio.png */; };
		A06EE67F229EF89900D2F9AA /* AppDelegate.swift in Sources */ = {isa = PBXBuildFile; fileRef = A06EE67E229EF89900D2F9AA /* AppDelegate.swift */; };
		A06EE681229EF89900D2F9AA /* ViewController.swift in Sources */ = {isa = PBXBuildFile; fileRef = A06EE680229EF89900D2F9AA /* ViewController.swift */; };
		A06EE684229EF89900D2F9AA /* Main.storyboard in Resources */ = {isa = PBXBuildFile; fileRef = A06EE682229EF89900D2F9AA /* Main.storyboard */; };
		A06EE686229EF89A00D2F9AA /* Assets.xcassets in Resources */ = {isa = PBXBuildFile; fileRef = A06EE685229EF89A00D2F9AA /* Assets.xcassets */; };
		A06EE689229EF89A00D2F9AA /* LaunchScreen.storyboard in Resources */ = {isa = PBXBuildFile; fileRef = A06EE687229EF89A00D2F9AA /* LaunchScreen.storyboard */; };
		A06EE691229EFAAE00D2F9AA /* ProxyTest.swift in Sources */ = {isa = PBXBuildFile; fileRef = A06EE690229EFAAE00D2F9AA /* ProxyTest.swift */; };
		A06EE693229EFC7E00D2F9AA /* modules.plist in Resources */ = {isa = PBXBuildFile; fileRef = A06EE692229EFC7E00D2F9AA /* modules.plist */; };
		A0A07E8822C5203600454940 /* CPULineGraphController.swift in Sources */ = {isa = PBXBuildFile; fileRef = A0A07E8722C5203600454940 /* CPULineGraphController.swift */; };
		A0B0CB9E234C85FD00EC24E7 /* laughting.png in Resources */ = {isa = PBXBuildFile; fileRef = A0B0CB94234C85FC00EC24E7 /* laughting.png */; };
		A0B0CB9F234C85FD00EC24E7 /* tired.png in Resources */ = {isa = PBXBuildFile; fileRef = A0B0CB95234C85FC00EC24E7 /* tired.png */; };
		A0B0CBA0234C85FD00EC24E7 /* surprised.png in Resources */ = {isa = PBXBuildFile; fileRef = A0B0CB96234C85FC00EC24E7 /* surprised.png */; };
		A0B0CBA1234C85FD00EC24E7 /* sad.png in Resources */ = {isa = PBXBuildFile; fileRef = A0B0CB97234C85FC00EC24E7 /* sad.png */; };
		A0B0CBA3234C85FD00EC24E7 /* angry.png in Resources */ = {isa = PBXBuildFile; fileRef = A0B0CB99234C85FD00EC24E7 /* angry.png */; };
		A0B0CBA4234C85FD00EC24E7 /* sleeping.png in Resources */ = {isa = PBXBuildFile; fileRef = A0B0CB9A234C85FD00EC24E7 /* sleeping.png */; };
		A0B0CBA5234C85FD00EC24E7 /* afraid.png in Resources */ = {isa = PBXBuildFile; fileRef = A0B0CB9B234C85FD00EC24E7 /* afraid.png */; };
		A0B0CBA6234C85FD00EC24E7 /* normal.png in Resources */ = {isa = PBXBuildFile; fileRef = A0B0CB9C234C85FD00EC24E7 /* normal.png */; };
		A0B0CBAA234C8A9200EC24E7 /* IEmotionModule.swift in Sources */ = {isa = PBXBuildFile; fileRef = A0B0CBA9234C8A9200EC24E7 /* IEmotionModule.swift */; };
		A0B0CBAC234C8AC700EC24E7 /* EmotionModuleDelegateManager.swift in Sources */ = {isa = PBXBuildFile; fileRef = A0B0CBAB234C8AC700EC24E7 /* EmotionModuleDelegateManager.swift */; };
		A0B0CBAE234C8B1800EC24E7 /* IEmotionDelegate.swift in Sources */ = {isa = PBXBuildFile; fileRef = A0B0CBAD234C8B1800EC24E7 /* IEmotionDelegate.swift */; };
		A0B0CBB0234C95F600EC24E7 /* Emotion.swift in Sources */ = {isa = PBXBuildFile; fileRef = A0B0CBAF234C95F600EC24E7 /* Emotion.swift */; };
		A0B0CBB2234C9BCA00EC24E7 /* ImageViewEmotionModule.swift in Sources */ = {isa = PBXBuildFile; fileRef = A0B0CBB1234C9BCA00EC24E7 /* ImageViewEmotionModule.swift */; };
		A0B5F0B6233DF9AC006F0C96 /* NewInterfaceViewController.swift in Sources */ = {isa = PBXBuildFile; fileRef = A0B5F0B5233DF9AC006F0C96 /* NewInterfaceViewController.swift */; };
		A0B5F0B8233E2F65006F0C96 /* CameraView.swift in Sources */ = {isa = PBXBuildFile; fileRef = A0B5F0B7233E2F65006F0C96 /* CameraView.swift */; };
		A0B755D82329039100FE8FB8 /* StartupViewController.swift in Sources */ = {isa = PBXBuildFile; fileRef = A0B755D72329039100FE8FB8 /* StartupViewController.swift */; };
		A0D2FCEE232BAC6C00037090 /* SettingsViewController.swift in Sources */ = {isa = PBXBuildFile; fileRef = A0D2FCED232BAC6C00037090 /* SettingsViewController.swift */; };
		CF07730533E50BD63290EDC2 /* Pods_Robobo.framework in Frameworks */ = {isa = PBXBuildFile; fileRef = 50B89872AFA0991830AA319D /* Pods_Robobo.framework */; };
/* End PBXBuildFile section */

/* Begin PBXFileReference section */
		50B89872AFA0991830AA319D /* Pods_Robobo.framework */ = {isa = PBXFileReference; explicitFileType = wrapper.framework; includeInIndex = 0; path = Pods_Robobo.framework; sourceTree = BUILT_PRODUCTS_DIR; };
		761EB9AC4336BE025B1413C4 /* Pods-Robobo.release.xcconfig */ = {isa = PBXFileReference; includeInIndex = 1; lastKnownFileType = text.xcconfig; name = "Pods-Robobo.release.xcconfig"; path = "Target Support Files/Pods-Robobo/Pods-Robobo.release.xcconfig"; sourceTree = "<group>"; };
		A0046EC6234650EE006AF39F /* es */ = {isa = PBXFileReference; lastKnownFileType = text.plist.strings; name = es; path = es.lproj/Main.strings; sourceTree = "<group>"; };
		A0046EC7234650EE006AF39F /* es */ = {isa = PBXFileReference; lastKnownFileType = text.plist.strings; name = es; path = es.lproj/LaunchScreen.strings; sourceTree = "<group>"; };
		A0046EC92346519C006AF39F /* en */ = {isa = PBXFileReference; lastKnownFileType = text.plist.strings; name = en; path = en.lproj/Localizable.strings; sourceTree = "<group>"; };
		A0046ECB234651B1006AF39F /* es */ = {isa = PBXFileReference; lastKnownFileType = text.plist.strings; name = es; path = es.lproj/Localizable.strings; sourceTree = "<group>"; };
		A016DBEF232FEBB80015CEE3 /* Roboto-Medium.ttf */ = {isa = PBXFileReference; lastKnownFileType = file; path = "Roboto-Medium.ttf"; sourceTree = "<group>"; };
		A016DBF0232FEBB80015CEE3 /* Roboto-Light.ttf */ = {isa = PBXFileReference; lastKnownFileType = file; path = "Roboto-Light.ttf"; sourceTree = "<group>"; };
		A016DBF1232FEBB80015CEE3 /* RobotoCondensed-Bold.ttf */ = {isa = PBXFileReference; lastKnownFileType = file; path = "RobotoCondensed-Bold.ttf"; sourceTree = "<group>"; };
		A016DBF2232FEBB80015CEE3 /* RobotoCondensed-Light.ttf */ = {isa = PBXFileReference; lastKnownFileType = file; path = "RobotoCondensed-Light.ttf"; sourceTree = "<group>"; };
		A016DBF3232FEBB80015CEE3 /* Roboto-Regular.ttf */ = {isa = PBXFileReference; lastKnownFileType = file; path = "Roboto-Regular.ttf"; sourceTree = "<group>"; };
		A016DBF4232FEBB80015CEE3 /* Roboto-MediumItalic.ttf */ = {isa = PBXFileReference; lastKnownFileType = file; path = "Roboto-MediumItalic.ttf"; sourceTree = "<group>"; };
		A016DBF5232FEBB80015CEE3 /* RobotoCondensed-Italic.ttf */ = {isa = PBXFileReference; lastKnownFileType = file; path = "RobotoCondensed-Italic.ttf"; sourceTree = "<group>"; };
		A016DBF6232FEBB80015CEE3 /* RobotoCondensed-BoldItalic.ttf */ = {isa = PBXFileReference; lastKnownFileType = file; path = "RobotoCondensed-BoldItalic.ttf"; sourceTree = "<group>"; };
		A016DBF7232FEBB80015CEE3 /* Apache License.txt */ = {isa = PBXFileReference; fileEncoding = 4; lastKnownFileType = text; path = "Apache License.txt"; sourceTree = "<group>"; };
		A016DBF8232FEBB80015CEE3 /* RobotoCondensed-LightItalic.ttf */ = {isa = PBXFileReference; lastKnownFileType = file; path = "RobotoCondensed-LightItalic.ttf"; sourceTree = "<group>"; };
		A016DBF9232FEBB80015CEE3 /* Roboto-ThinItalic.ttf */ = {isa = PBXFileReference; lastKnownFileType = file; path = "Roboto-ThinItalic.ttf"; sourceTree = "<group>"; };
		A016DBFA232FEBB80015CEE3 /* RobotoCondensed-Regular.ttf */ = {isa = PBXFileReference; lastKnownFileType = file; path = "RobotoCondensed-Regular.ttf"; sourceTree = "<group>"; };
		A016DBFB232FEBB80015CEE3 /* Roboto-BoldItalic.ttf */ = {isa = PBXFileReference; lastKnownFileType = file; path = "Roboto-BoldItalic.ttf"; sourceTree = "<group>"; };
		A016DBFC232FEBB80015CEE3 /* Roboto-LightItalic.ttf */ = {isa = PBXFileReference; lastKnownFileType = file; path = "Roboto-LightItalic.ttf"; sourceTree = "<group>"; };
		A016DBFD232FEBB80015CEE3 /* Roboto-Italic.ttf */ = {isa = PBXFileReference; lastKnownFileType = file; path = "Roboto-Italic.ttf"; sourceTree = "<group>"; };
		A016DBFE232FEBB80015CEE3 /* Roboto-BlackItalic.ttf */ = {isa = PBXFileReference; lastKnownFileType = file; path = "Roboto-BlackItalic.ttf"; sourceTree = "<group>"; };
		A016DBFF232FEBB80015CEE3 /* Roboto-Bold.ttf */ = {isa = PBXFileReference; lastKnownFileType = file; path = "Roboto-Bold.ttf"; sourceTree = "<group>"; };
		A016DC00232FEBB80015CEE3 /* Roboto-Thin.ttf */ = {isa = PBXFileReference; lastKnownFileType = file; path = "Roboto-Thin.ttf"; sourceTree = "<group>"; };
		A016DC01232FEBB80015CEE3 /* Roboto-Black.ttf */ = {isa = PBXFileReference; lastKnownFileType = file; path = "Roboto-Black.ttf"; sourceTree = "<group>"; };
		A059103A232798060027CF84 /* logo_ios_458.png */ = {isa = PBXFileReference; lastKnownFileType = image.png; path = logo_ios_458.png; sourceTree = "<group>"; };
		A059103D2327BA3F0027CF84 /* green_pressed_458.png */ = {isa = PBXFileReference; lastKnownFileType = image.png; path = green_pressed_458.png; sourceTree = "<group>"; };
		A059103E2327BA400027CF84 /* orange_Unpressed_458.png */ = {isa = PBXFileReference; lastKnownFileType = image.png; path = orange_Unpressed_458.png; sourceTree = "<group>"; };
		A059103F2327BA400027CF84 /* green_unpressed_458.png */ = {isa = PBXFileReference; lastKnownFileType = image.png; path = green_unpressed_458.png; sourceTree = "<group>"; };
		A05910442327BB350027CF84 /* ImageButton.swift */ = {isa = PBXFileReference; lastKnownFileType = sourcecode.swift; path = ImageButton.swift; sourceTree = "<group>"; };
		A059104A2328E3780027CF84 /* orange_pressed.png */ = {isa = PBXFileReference; lastKnownFileType = image.png; path = orange_pressed.png; sourceTree = "<group>"; };
		A062637A22C2654000D39558 /* AccelerationLineGraphController.swift */ = {isa = PBXFileReference; lastKnownFileType = sourcecode.swift; path = AccelerationLineGraphController.swift; sourceTree = "<group>"; };
		A062637C22C2701200D39558 /* CounterView.swift */ = {isa = PBXFileReference; lastKnownFileType = sourcecode.swift; path = CounterView.swift; sourceTree = "<group>"; };
		A062637E22C37F2700D39558 /* RoboboWidgetContainer.swift */ = {isa = PBXFileReference; lastKnownFileType = sourcecode.swift; path = RoboboWidgetContainer.swift; sourceTree = "<group>"; };
		A062638022C38EAE00D39558 /* RoboboLogWidget.swift */ = {isa = PBXFileReference; lastKnownFileType = sourcecode.swift; path = RoboboLogWidget.swift; sourceTree = "<group>"; };
		A0691BD0232FCDBA00E80AB2 /* green-pressed_espacio.png */ = {isa = PBXFileReference; lastKnownFileType = image.png; path = "green-pressed_espacio.png"; sourceTree = "<group>"; };
		A0691BD1232FCDBA00E80AB2 /* orangre_pressed_espacio.png */ = {isa = PBXFileReference; lastKnownFileType = image.png; path = orangre_pressed_espacio.png; sourceTree = "<group>"; };
		A06EE67B229EF89900D2F9AA /* Robobo.app */ = {isa = PBXFileReference; explicitFileType = wrapper.application; includeInIndex = 0; path = Robobo.app; sourceTree = BUILT_PRODUCTS_DIR; };
		A06EE67E229EF89900D2F9AA /* AppDelegate.swift */ = {isa = PBXFileReference; lastKnownFileType = sourcecode.swift; path = AppDelegate.swift; sourceTree = "<group>"; };
		A06EE680229EF89900D2F9AA /* ViewController.swift */ = {isa = PBXFileReference; lastKnownFileType = sourcecode.swift; path = ViewController.swift; sourceTree = "<group>"; };
		A06EE683229EF89900D2F9AA /* Base */ = {isa = PBXFileReference; lastKnownFileType = file.storyboard; name = Base; path = Base.lproj/Main.storyboard; sourceTree = "<group>"; };
		A06EE685229EF89A00D2F9AA /* Assets.xcassets */ = {isa = PBXFileReference; lastKnownFileType = folder.assetcatalog; path = Assets.xcassets; sourceTree = "<group>"; };
		A06EE688229EF89A00D2F9AA /* Base */ = {isa = PBXFileReference; lastKnownFileType = file.storyboard; name = Base; path = Base.lproj/LaunchScreen.storyboard; sourceTree = "<group>"; };
		A06EE68A229EF89A00D2F9AA /* Info.plist */ = {isa = PBXFileReference; lastKnownFileType = text.plist.xml; path = Info.plist; sourceTree = "<group>"; };
		A06EE690229EFAAE00D2F9AA /* ProxyTest.swift */ = {isa = PBXFileReference; fileEncoding = 4; lastKnownFileType = sourcecode.swift; path = ProxyTest.swift; sourceTree = "<group>"; };
		A06EE692229EFC7E00D2F9AA /* modules.plist */ = {isa = PBXFileReference; fileEncoding = 4; lastKnownFileType = text.plist.xml; path = modules.plist; sourceTree = "<group>"; };
		A0A07E8722C5203600454940 /* CPULineGraphController.swift */ = {isa = PBXFileReference; fileEncoding = 4; lastKnownFileType = sourcecode.swift; path = CPULineGraphController.swift; sourceTree = "<group>"; };
		A0B0CB94234C85FC00EC24E7 /* laughting.png */ = {isa = PBXFileReference; lastKnownFileType = image.png; name = laughting.png; path = ../../../../../Documents/Robobo/Caras/laughting.png; sourceTree = "<group>"; };
		A0B0CB95234C85FC00EC24E7 /* tired.png */ = {isa = PBXFileReference; lastKnownFileType = image.png; name = tired.png; path = ../../../../../Documents/Robobo/Caras/tired.png; sourceTree = "<group>"; };
		A0B0CB96234C85FC00EC24E7 /* surprised.png */ = {isa = PBXFileReference; lastKnownFileType = image.png; name = surprised.png; path = ../../../../../Documents/Robobo/Caras/surprised.png; sourceTree = "<group>"; };
		A0B0CB97234C85FC00EC24E7 /* sad.png */ = {isa = PBXFileReference; lastKnownFileType = image.png; name = sad.png; path = ../../../../../Documents/Robobo/Caras/sad.png; sourceTree = "<group>"; };
		A0B0CB99234C85FD00EC24E7 /* angry.png */ = {isa = PBXFileReference; lastKnownFileType = image.png; name = angry.png; path = ../../../../../Documents/Robobo/Caras/angry.png; sourceTree = "<group>"; };
		A0B0CB9A234C85FD00EC24E7 /* sleeping.png */ = {isa = PBXFileReference; lastKnownFileType = image.png; name = sleeping.png; path = ../../../../../Documents/Robobo/Caras/sleeping.png; sourceTree = "<group>"; };
		A0B0CB9B234C85FD00EC24E7 /* afraid.png */ = {isa = PBXFileReference; lastKnownFileType = image.png; name = afraid.png; path = ../../../../../Documents/Robobo/Caras/afraid.png; sourceTree = "<group>"; };
		A0B0CB9C234C85FD00EC24E7 /* normal.png */ = {isa = PBXFileReference; lastKnownFileType = image.png; name = normal.png; path = ../../../../../Documents/Robobo/Caras/normal.png; sourceTree = "<group>"; };
		A0B0CBA9234C8A9200EC24E7 /* IEmotionModule.swift */ = {isa = PBXFileReference; lastKnownFileType = sourcecode.swift; path = IEmotionModule.swift; sourceTree = "<group>"; };
		A0B0CBAB234C8AC700EC24E7 /* EmotionModuleDelegateManager.swift */ = {isa = PBXFileReference; lastKnownFileType = sourcecode.swift; path = EmotionModuleDelegateManager.swift; sourceTree = "<group>"; };
		A0B0CBAD234C8B1800EC24E7 /* IEmotionDelegate.swift */ = {isa = PBXFileReference; lastKnownFileType = sourcecode.swift; path = IEmotionDelegate.swift; sourceTree = "<group>"; };
		A0B0CBAF234C95F600EC24E7 /* Emotion.swift */ = {isa = PBXFileReference; lastKnownFileType = sourcecode.swift; path = Emotion.swift; sourceTree = "<group>"; };
		A0B0CBB1234C9BCA00EC24E7 /* ImageViewEmotionModule.swift */ = {isa = PBXFileReference; lastKnownFileType = sourcecode.swift; path = ImageViewEmotionModule.swift; sourceTree = "<group>"; };
		A0B5F0B5233DF9AC006F0C96 /* NewInterfaceViewController.swift */ = {isa = PBXFileReference; lastKnownFileType = sourcecode.swift; path = NewInterfaceViewController.swift; sourceTree = "<group>"; };
		A0B5F0B7233E2F65006F0C96 /* CameraView.swift */ = {isa = PBXFileReference; lastKnownFileType = sourcecode.swift; path = CameraView.swift; sourceTree = "<group>"; };
		A0B755D72329039100FE8FB8 /* StartupViewController.swift */ = {isa = PBXFileReference; lastKnownFileType = sourcecode.swift; path = StartupViewController.swift; sourceTree = "<group>"; };
		A0D2FCED232BAC6C00037090 /* SettingsViewController.swift */ = {isa = PBXFileReference; lastKnownFileType = sourcecode.swift; path = SettingsViewController.swift; sourceTree = "<group>"; };
		FEE00B67F40277460CC2B484 /* Pods-Robobo.debug.xcconfig */ = {isa = PBXFileReference; includeInIndex = 1; lastKnownFileType = text.xcconfig; name = "Pods-Robobo.debug.xcconfig"; path = "Target Support Files/Pods-Robobo/Pods-Robobo.debug.xcconfig"; sourceTree = "<group>"; };
/* End PBXFileReference section */

/* Begin PBXFrameworksBuildPhase section */
		A06EE678229EF89900D2F9AA /* Frameworks */ = {
			isa = PBXFrameworksBuildPhase;
			buildActionMask = 2147483647;
			files = (
				CF07730533E50BD63290EDC2 /* Pods_Robobo.framework in Frameworks */,
			);
			runOnlyForDeploymentPostprocessing = 0;
		};
/* End PBXFrameworksBuildPhase section */

/* Begin PBXGroup section */
		25FBA15DDB7449C1B928091D /* Pods */ = {
			isa = PBXGroup;
			children = (
				FEE00B67F40277460CC2B484 /* Pods-Robobo.debug.xcconfig */,
				761EB9AC4336BE025B1413C4 /* Pods-Robobo.release.xcconfig */,
			);
			path = Pods;
			sourceTree = "<group>";
		};
		73DDBC88FD7A8FD240DC4F07 /* Frameworks */ = {
			isa = PBXGroup;
			children = (
				50B89872AFA0991830AA319D /* Pods_Robobo.framework */,
			);
			name = Frameworks;
			sourceTree = "<group>";
		};
		A016DBEC232FEB990015CEE3 /* Resources */ = {
			isa = PBXGroup;
			children = (
				A0B0CB93234C85EA00EC24E7 /* faces */,
				A016DBEE232FEBB80015CEE3 /* roboto */,
			);
			path = Resources;
			sourceTree = "<group>";
		};
		A016DBEE232FEBB80015CEE3 /* roboto */ = {
			isa = PBXGroup;
			children = (
				A016DBEF232FEBB80015CEE3 /* Roboto-Medium.ttf */,
				A016DBF0232FEBB80015CEE3 /* Roboto-Light.ttf */,
				A016DBF1232FEBB80015CEE3 /* RobotoCondensed-Bold.ttf */,
				A016DBF2232FEBB80015CEE3 /* RobotoCondensed-Light.ttf */,
				A016DBF3232FEBB80015CEE3 /* Roboto-Regular.ttf */,
				A016DBF4232FEBB80015CEE3 /* Roboto-MediumItalic.ttf */,
				A016DBF5232FEBB80015CEE3 /* RobotoCondensed-Italic.ttf */,
				A016DBF6232FEBB80015CEE3 /* RobotoCondensed-BoldItalic.ttf */,
				A016DBF7232FEBB80015CEE3 /* Apache License.txt */,
				A016DBF8232FEBB80015CEE3 /* RobotoCondensed-LightItalic.ttf */,
				A016DBF9232FEBB80015CEE3 /* Roboto-ThinItalic.ttf */,
				A016DBFA232FEBB80015CEE3 /* RobotoCondensed-Regular.ttf */,
				A016DBFB232FEBB80015CEE3 /* Roboto-BoldItalic.ttf */,
				A016DBFC232FEBB80015CEE3 /* Roboto-LightItalic.ttf */,
				A016DBFD232FEBB80015CEE3 /* Roboto-Italic.ttf */,
				A016DBFE232FEBB80015CEE3 /* Roboto-BlackItalic.ttf */,
				A016DBFF232FEBB80015CEE3 /* Roboto-Bold.ttf */,
				A016DC00232FEBB80015CEE3 /* Roboto-Thin.ttf */,
				A016DC01232FEBB80015CEE3 /* Roboto-Black.ttf */,
			);
			path = roboto;
			sourceTree = "<group>";
		};
		A0591039232796300027CF84 /* Images */ = {
			isa = PBXGroup;
			children = (
				A0691BD0232FCDBA00E80AB2 /* green-pressed_espacio.png */,
				A0691BD1232FCDBA00E80AB2 /* orangre_pressed_espacio.png */,
				A059103D2327BA3F0027CF84 /* green_pressed_458.png */,
				A059103F2327BA400027CF84 /* green_unpressed_458.png */,
				A059103E2327BA400027CF84 /* orange_Unpressed_458.png */,
				A059104A2328E3780027CF84 /* orange_pressed.png */,
				A059103A232798060027CF84 /* logo_ios_458.png */,
			);
			path = Images;
			sourceTree = "<group>";
		};
		A06EE672229EF89900D2F9AA = {
			isa = PBXGroup;
			children = (
				A06EE67D229EF89900D2F9AA /* Robobo */,
				A06EE67C229EF89900D2F9AA /* Products */,
				25FBA15DDB7449C1B928091D /* Pods */,
				73DDBC88FD7A8FD240DC4F07 /* Frameworks */,
			);
			sourceTree = "<group>";
		};
		A06EE67C229EF89900D2F9AA /* Products */ = {
			isa = PBXGroup;
			children = (
				A06EE67B229EF89900D2F9AA /* Robobo.app */,
			);
			name = Products;
			sourceTree = "<group>";
		};
		A06EE67D229EF89900D2F9AA /* Robobo */ = {
			isa = PBXGroup;
			children = (
				A0B0CBA8234C88EF00EC24E7 /* Emotions */,
				A016DBEC232FEB990015CEE3 /* Resources */,
				A0D2FCF0232BAC8E00037090 /* Views */,
				A0D2FCEF232BAC7600037090 /* ViewControllers */,
				A0591039232796300027CF84 /* Images */,
				A06EE67E229EF89900D2F9AA /* AppDelegate.swift */,
				A06EE692229EFC7E00D2F9AA /* modules.plist */,
				A06EE690229EFAAE00D2F9AA /* ProxyTest.swift */,
				A06EE682229EF89900D2F9AA /* Main.storyboard */,
				A06EE685229EF89A00D2F9AA /* Assets.xcassets */,
				A06EE687229EF89A00D2F9AA /* LaunchScreen.storyboard */,
				A06EE68A229EF89A00D2F9AA /* Info.plist */,
				A0046ECA2346519C006AF39F /* Localizable.strings */,
			);
			path = Robobo;
			sourceTree = "<group>";
		};
		A0B0CB93234C85EA00EC24E7 /* faces */ = {
			isa = PBXGroup;
			children = (
				A0B0CB9B234C85FD00EC24E7 /* afraid.png */,
				A0B0CB99234C85FD00EC24E7 /* angry.png */,
				A0B0CB94234C85FC00EC24E7 /* laughting.png */,
				A0B0CB9C234C85FD00EC24E7 /* normal.png */,
				A0B0CB97234C85FC00EC24E7 /* sad.png */,
				A0B0CB9A234C85FD00EC24E7 /* sleeping.png */,
				A0B0CB96234C85FC00EC24E7 /* surprised.png */,
				A0B0CB95234C85FC00EC24E7 /* tired.png */,
			);
			path = faces;
			sourceTree = "<group>";
		};
		A0B0CBA8234C88EF00EC24E7 /* Emotions */ = {
			isa = PBXGroup;
			children = (
				A0B0CBA9234C8A9200EC24E7 /* IEmotionModule.swift */,
				A0B0CBAB234C8AC700EC24E7 /* EmotionModuleDelegateManager.swift */,
				A0B0CBAD234C8B1800EC24E7 /* IEmotionDelegate.swift */,
				A0B0CBAF234C95F600EC24E7 /* Emotion.swift */,
				A0B0CBB1234C9BCA00EC24E7 /* ImageViewEmotionModule.swift */,
			);
			path = Emotions;
			sourceTree = "<group>";
		};
		A0D2FCEF232BAC7600037090 /* ViewControllers */ = {
			isa = PBXGroup;
			children = (
				A06EE680229EF89900D2F9AA /* ViewController.swift */,
				A0B755D72329039100FE8FB8 /* StartupViewController.swift */,
				A0D2FCED232BAC6C00037090 /* SettingsViewController.swift */,
				A0B5F0B5233DF9AC006F0C96 /* NewInterfaceViewController.swift */,
			);
			path = ViewControllers;
			sourceTree = "<group>";
		};
		A0D2FCF0232BAC8E00037090 /* Views */ = {
			isa = PBXGroup;
			children = (
				A05910442327BB350027CF84 /* ImageButton.swift */,
				A062637A22C2654000D39558 /* AccelerationLineGraphController.swift */,
				A062637C22C2701200D39558 /* CounterView.swift */,
				A062637E22C37F2700D39558 /* RoboboWidgetContainer.swift */,
				A062638022C38EAE00D39558 /* RoboboLogWidget.swift */,
				A0A07E8722C5203600454940 /* CPULineGraphController.swift */,
				A0B5F0B7233E2F65006F0C96 /* CameraView.swift */,
			);
			path = Views;
			sourceTree = "<group>";
		};
/* End PBXGroup section */

/* Begin PBXNativeTarget section */
		A06EE67A229EF89900D2F9AA /* Robobo */ = {
			isa = PBXNativeTarget;
			buildConfigurationList = A06EE68D229EF89A00D2F9AA /* Build configuration list for PBXNativeTarget "Robobo" */;
			buildPhases = (
				769CF69BA43CAC2ACB4835DA /* [CP] Check Pods Manifest.lock */,
				A06EE677229EF89900D2F9AA /* Sources */,
				A06EE678229EF89900D2F9AA /* Frameworks */,
				A06EE679229EF89900D2F9AA /* Resources */,
				78181600E729E29A1C2624D6 /* [CP] Embed Pods Frameworks */,
			);
			buildRules = (
			);
			dependencies = (
			);
			name = Robobo;
			productName = Robobo;
			productReference = A06EE67B229EF89900D2F9AA /* Robobo.app */;
			productType = "com.apple.product-type.application";
		};
/* End PBXNativeTarget section */

/* Begin PBXProject section */
		A06EE673229EF89900D2F9AA /* Project object */ = {
			isa = PBXProject;
			attributes = {
				LastSwiftUpdateCheck = 1020;
				LastUpgradeCheck = 1020;
				ORGANIZATIONNAME = "MANUFACTURA DE INGENIOS TECNOLOGICOS SL";
				TargetAttributes = {
					A06EE67A229EF89900D2F9AA = {
						CreatedOnToolsVersion = 10.2.1;
					};
				};
			};
			buildConfigurationList = A06EE676229EF89900D2F9AA /* Build configuration list for PBXProject "Robobo" */;
			compatibilityVersion = "Xcode 9.3";
			developmentRegion = en;
			hasScannedForEncodings = 0;
			knownRegions = (
				en,
				Base,
				es,
			);
			mainGroup = A06EE672229EF89900D2F9AA;
			productRefGroup = A06EE67C229EF89900D2F9AA /* Products */;
			projectDirPath = "";
			projectRoot = "";
			targets = (
				A06EE67A229EF89900D2F9AA /* Robobo */,
			);
		};
/* End PBXProject section */

/* Begin PBXResourcesBuildPhase section */
		A06EE679229EF89900D2F9AA /* Resources */ = {
			isa = PBXResourcesBuildPhase;
			buildActionMask = 2147483647;
			files = (
				A016DC09232FEBB80015CEE3 /* RobotoCondensed-BoldItalic.ttf in Resources */,
				A016DC07232FEBB80015CEE3 /* Roboto-MediumItalic.ttf in Resources */,
				A05910412327BA400027CF84 /* green_pressed_458.png in Resources */,
				A05910432327BA400027CF84 /* green_unpressed_458.png in Resources */,
				A016DC06232FEBB80015CEE3 /* Roboto-Regular.ttf in Resources */,
				A016DC10232FEBB80015CEE3 /* Roboto-Italic.ttf in Resources */,
				A0B0CBA1234C85FD00EC24E7 /* sad.png in Resources */,
				A059104B2328E3780027CF84 /* orange_pressed.png in Resources */,
				A016DC08232FEBB80015CEE3 /* RobotoCondensed-Italic.ttf in Resources */,
				A06EE693229EFC7E00D2F9AA /* modules.plist in Resources */,
				A016DC05232FEBB80015CEE3 /* RobotoCondensed-Light.ttf in Resources */,
				A0B0CBA6234C85FD00EC24E7 /* normal.png in Resources */,
				A016DC04232FEBB80015CEE3 /* RobotoCondensed-Bold.ttf in Resources */,
				A06EE689229EF89A00D2F9AA /* LaunchScreen.storyboard in Resources */,
				A016DC0D232FEBB80015CEE3 /* RobotoCondensed-Regular.ttf in Resources */,
				A0B0CBA3234C85FD00EC24E7 /* angry.png in Resources */,
				A0691BD3232FCDBA00E80AB2 /* orangre_pressed_espacio.png in Resources */,
				A016DC12232FEBB80015CEE3 /* Roboto-Bold.ttf in Resources */,
				A016DC0B232FEBB80015CEE3 /* RobotoCondensed-LightItalic.ttf in Resources */,
				A0B0CB9E234C85FD00EC24E7 /* laughting.png in Resources */,
				A0046EC82346519C006AF39F /* Localizable.strings in Resources */,
				A0B0CBA0234C85FD00EC24E7 /* surprised.png in Resources */,
				A06EE686229EF89A00D2F9AA /* Assets.xcassets in Resources */,
				A016DC14232FEBB80015CEE3 /* Roboto-Black.ttf in Resources */,
				A016DC0C232FEBB80015CEE3 /* Roboto-ThinItalic.ttf in Resources */,
				A0691BD2232FCDBA00E80AB2 /* green-pressed_espacio.png in Resources */,
				A016DC0F232FEBB80015CEE3 /* Roboto-LightItalic.ttf in Resources */,
				A016DC02232FEBB80015CEE3 /* Roboto-Medium.ttf in Resources */,
				A016DC13232FEBB80015CEE3 /* Roboto-Thin.ttf in Resources */,
				A016DC0E232FEBB80015CEE3 /* Roboto-BoldItalic.ttf in Resources */,
				A0B0CBA4234C85FD00EC24E7 /* sleeping.png in Resources */,
				A016DC03232FEBB80015CEE3 /* Roboto-Light.ttf in Resources */,
				A016DC11232FEBB80015CEE3 /* Roboto-BlackItalic.ttf in Resources */,
				A06EE684229EF89900D2F9AA /* Main.storyboard in Resources */,
				A0B0CB9F234C85FD00EC24E7 /* tired.png in Resources */,
				A016DC0A232FEBB80015CEE3 /* Apache License.txt in Resources */,
				A0B0CBA5234C85FD00EC24E7 /* afraid.png in Resources */,
				A059103B232798060027CF84 /* logo_ios_458.png in Resources */,
				A05910422327BA400027CF84 /* orange_Unpressed_458.png in Resources */,
			);
			runOnlyForDeploymentPostprocessing = 0;
		};
/* End PBXResourcesBuildPhase section */

/* Begin PBXShellScriptBuildPhase section */
		769CF69BA43CAC2ACB4835DA /* [CP] Check Pods Manifest.lock */ = {
			isa = PBXShellScriptBuildPhase;
			buildActionMask = 2147483647;
			files = (
			);
			inputFileListPaths = (
			);
			inputPaths = (
				"${PODS_PODFILE_DIR_PATH}/Podfile.lock",
				"${PODS_ROOT}/Manifest.lock",
			);
			name = "[CP] Check Pods Manifest.lock";
			outputFileListPaths = (
			);
			outputPaths = (
				"$(DERIVED_FILE_DIR)/Pods-Robobo-checkManifestLockResult.txt",
			);
			runOnlyForDeploymentPostprocessing = 0;
			shellPath = /bin/sh;
			shellScript = "diff \"${PODS_PODFILE_DIR_PATH}/Podfile.lock\" \"${PODS_ROOT}/Manifest.lock\" > /dev/null\nif [ $? != 0 ] ; then\n    # print error to STDERR\n    echo \"error: The sandbox is not in sync with the Podfile.lock. Run 'pod install' or update your CocoaPods installation.\" >&2\n    exit 1\nfi\n# This output is used by Xcode 'outputs' to avoid re-running this script phase.\necho \"SUCCESS\" > \"${SCRIPT_OUTPUT_FILE_0}\"\n";
			showEnvVarsInLog = 0;
		};
		78181600E729E29A1C2624D6 /* [CP] Embed Pods Frameworks */ = {
			isa = PBXShellScriptBuildPhase;
			buildActionMask = 2147483647;
			files = (
			);
			inputFileListPaths = (
				"${PODS_ROOT}/Target Support Files/Pods-Robobo/Pods-Robobo-frameworks-${CONFIGURATION}-input-files.xcfilelist",
			);
			name = "[CP] Embed Pods Frameworks";
			outputFileListPaths = (
				"${PODS_ROOT}/Target Support Files/Pods-Robobo/Pods-Robobo-frameworks-${CONFIGURATION}-output-files.xcfilelist",
			);
			runOnlyForDeploymentPostprocessing = 0;
			shellPath = /bin/sh;
			shellScript = "\"${PODS_ROOT}/Target Support Files/Pods-Robobo/Pods-Robobo-frameworks.sh\"\n";
			showEnvVarsInLog = 0;
		};
/* End PBXShellScriptBuildPhase section */

/* Begin PBXSourcesBuildPhase section */
		A06EE677229EF89900D2F9AA /* Sources */ = {
			isa = PBXSourcesBuildPhase;
			buildActionMask = 2147483647;
			files = (
				A0B0CBAE234C8B1800EC24E7 /* IEmotionDelegate.swift in Sources */,
				A062638122C38EAE00D39558 /* RoboboLogWidget.swift in Sources */,
				A0B0CBAC234C8AC700EC24E7 /* EmotionModuleDelegateManager.swift in Sources */,
				A062637B22C2654000D39558 /* AccelerationLineGraphController.swift in Sources */,
				A0B5F0B8233E2F65006F0C96 /* CameraView.swift in Sources */,
				A0D2FCEE232BAC6C00037090 /* SettingsViewController.swift in Sources */,
				A0B0CBB2234C9BCA00EC24E7 /* ImageViewEmotionModule.swift in Sources */,
				A06EE691229EFAAE00D2F9AA /* ProxyTest.swift in Sources */,
				A0B0CBAA234C8A9200EC24E7 /* IEmotionModule.swift in Sources */,
				A06EE681229EF89900D2F9AA /* ViewController.swift in Sources */,
				A0B755D82329039100FE8FB8 /* StartupViewController.swift in Sources */,
				A0B5F0B6233DF9AC006F0C96 /* NewInterfaceViewController.swift in Sources */,
				A05910452327BB350027CF84 /* ImageButton.swift in Sources */,
				A06EE67F229EF89900D2F9AA /* AppDelegate.swift in Sources */,
				A0A07E8822C5203600454940 /* CPULineGraphController.swift in Sources */,
				A0B0CBB0234C95F600EC24E7 /* Emotion.swift in Sources */,
				A062637F22C37F2700D39558 /* RoboboWidgetContainer.swift in Sources */,
				A062637D22C2701200D39558 /* CounterView.swift in Sources */,
			);
			runOnlyForDeploymentPostprocessing = 0;
		};
/* End PBXSourcesBuildPhase section */

/* Begin PBXVariantGroup section */
		A0046ECA2346519C006AF39F /* Localizable.strings */ = {
			isa = PBXVariantGroup;
			children = (
				A0046EC92346519C006AF39F /* en */,
				A0046ECB234651B1006AF39F /* es */,
			);
			name = Localizable.strings;
			sourceTree = "<group>";
		};
		A06EE682229EF89900D2F9AA /* Main.storyboard */ = {
			isa = PBXVariantGroup;
			children = (
				A06EE683229EF89900D2F9AA /* Base */,
				A0046EC6234650EE006AF39F /* es */,
			);
			name = Main.storyboard;
			sourceTree = "<group>";
		};
		A06EE687229EF89A00D2F9AA /* LaunchScreen.storyboard */ = {
			isa = PBXVariantGroup;
			children = (
				A06EE688229EF89A00D2F9AA /* Base */,
				A0046EC7234650EE006AF39F /* es */,
			);
			name = LaunchScreen.storyboard;
			sourceTree = "<group>";
		};
/* End PBXVariantGroup section */

/* Begin XCBuildConfiguration section */
		A06EE68B229EF89A00D2F9AA /* Debug */ = {
			isa = XCBuildConfiguration;
			buildSettings = {
				ALWAYS_SEARCH_USER_PATHS = NO;
				CLANG_ANALYZER_LOCALIZABILITY_NONLOCALIZED = YES;
				CLANG_ANALYZER_NONNULL = YES;
				CLANG_ANALYZER_NUMBER_OBJECT_CONVERSION = YES_AGGRESSIVE;
				CLANG_CXX_LANGUAGE_STANDARD = "gnu++14";
				CLANG_CXX_LIBRARY = "libc++";
				CLANG_ENABLE_MODULES = YES;
				CLANG_ENABLE_OBJC_ARC = YES;
				CLANG_ENABLE_OBJC_WEAK = YES;
				CLANG_WARN_BLOCK_CAPTURE_AUTORELEASING = YES;
				CLANG_WARN_BOOL_CONVERSION = YES;
				CLANG_WARN_COMMA = YES;
				CLANG_WARN_CONSTANT_CONVERSION = YES;
				CLANG_WARN_DEPRECATED_OBJC_IMPLEMENTATIONS = YES;
				CLANG_WARN_DIRECT_OBJC_ISA_USAGE = YES_ERROR;
				CLANG_WARN_DOCUMENTATION_COMMENTS = YES;
				CLANG_WARN_EMPTY_BODY = YES;
				CLANG_WARN_ENUM_CONVERSION = YES;
				CLANG_WARN_INFINITE_RECURSION = YES;
				CLANG_WARN_INT_CONVERSION = YES;
				CLANG_WARN_NON_LITERAL_NULL_CONVERSION = YES;
				CLANG_WARN_OBJC_IMPLICIT_RETAIN_SELF = YES;
				CLANG_WARN_OBJC_LITERAL_CONVERSION = YES;
				CLANG_WARN_OBJC_ROOT_CLASS = YES_ERROR;
				CLANG_WARN_RANGE_LOOP_ANALYSIS = YES;
				CLANG_WARN_STRICT_PROTOTYPES = YES;
				CLANG_WARN_SUSPICIOUS_MOVE = YES;
				CLANG_WARN_UNGUARDED_AVAILABILITY = YES_AGGRESSIVE;
				CLANG_WARN_UNREACHABLE_CODE = YES;
				CLANG_WARN__DUPLICATE_METHOD_MATCH = YES;
				CODE_SIGN_IDENTITY = "iPhone Developer";
				COPY_PHASE_STRIP = NO;
				DEBUG_INFORMATION_FORMAT = dwarf;
				ENABLE_STRICT_OBJC_MSGSEND = YES;
				ENABLE_TESTABILITY = YES;
				GCC_C_LANGUAGE_STANDARD = gnu11;
				GCC_DYNAMIC_NO_PIC = NO;
				GCC_NO_COMMON_BLOCKS = YES;
				GCC_OPTIMIZATION_LEVEL = 0;
				GCC_PREPROCESSOR_DEFINITIONS = (
					"DEBUG=1",
					"$(inherited)",
				);
				GCC_WARN_64_TO_32_BIT_CONVERSION = YES;
				GCC_WARN_ABOUT_RETURN_TYPE = YES_ERROR;
				GCC_WARN_UNDECLARED_SELECTOR = YES;
				GCC_WARN_UNINITIALIZED_AUTOS = YES_AGGRESSIVE;
				GCC_WARN_UNUSED_FUNCTION = YES;
				GCC_WARN_UNUSED_VARIABLE = YES;
				IPHONEOS_DEPLOYMENT_TARGET = 12.2;
				MTL_ENABLE_DEBUG_INFO = INCLUDE_SOURCE;
				MTL_FAST_MATH = YES;
				ONLY_ACTIVE_ARCH = YES;
				SDKROOT = iphoneos;
				SWIFT_ACTIVE_COMPILATION_CONDITIONS = DEBUG;
				SWIFT_OPTIMIZATION_LEVEL = "-Onone";
			};
			name = Debug;
		};
		A06EE68C229EF89A00D2F9AA /* Release */ = {
			isa = XCBuildConfiguration;
			buildSettings = {
				ALWAYS_SEARCH_USER_PATHS = NO;
				CLANG_ANALYZER_LOCALIZABILITY_NONLOCALIZED = YES;
				CLANG_ANALYZER_NONNULL = YES;
				CLANG_ANALYZER_NUMBER_OBJECT_CONVERSION = YES_AGGRESSIVE;
				CLANG_CXX_LANGUAGE_STANDARD = "gnu++14";
				CLANG_CXX_LIBRARY = "libc++";
				CLANG_ENABLE_MODULES = YES;
				CLANG_ENABLE_OBJC_ARC = YES;
				CLANG_ENABLE_OBJC_WEAK = YES;
				CLANG_WARN_BLOCK_CAPTURE_AUTORELEASING = YES;
				CLANG_WARN_BOOL_CONVERSION = YES;
				CLANG_WARN_COMMA = YES;
				CLANG_WARN_CONSTANT_CONVERSION = YES;
				CLANG_WARN_DEPRECATED_OBJC_IMPLEMENTATIONS = YES;
				CLANG_WARN_DIRECT_OBJC_ISA_USAGE = YES_ERROR;
				CLANG_WARN_DOCUMENTATION_COMMENTS = YES;
				CLANG_WARN_EMPTY_BODY = YES;
				CLANG_WARN_ENUM_CONVERSION = YES;
				CLANG_WARN_INFINITE_RECURSION = YES;
				CLANG_WARN_INT_CONVERSION = YES;
				CLANG_WARN_NON_LITERAL_NULL_CONVERSION = YES;
				CLANG_WARN_OBJC_IMPLICIT_RETAIN_SELF = YES;
				CLANG_WARN_OBJC_LITERAL_CONVERSION = YES;
				CLANG_WARN_OBJC_ROOT_CLASS = YES_ERROR;
				CLANG_WARN_RANGE_LOOP_ANALYSIS = YES;
				CLANG_WARN_STRICT_PROTOTYPES = YES;
				CLANG_WARN_SUSPICIOUS_MOVE = YES;
				CLANG_WARN_UNGUARDED_AVAILABILITY = YES_AGGRESSIVE;
				CLANG_WARN_UNREACHABLE_CODE = YES;
				CLANG_WARN__DUPLICATE_METHOD_MATCH = YES;
				CODE_SIGN_IDENTITY = "iPhone Developer";
				COPY_PHASE_STRIP = NO;
				DEBUG_INFORMATION_FORMAT = "dwarf-with-dsym";
				ENABLE_NS_ASSERTIONS = NO;
				ENABLE_STRICT_OBJC_MSGSEND = YES;
				GCC_C_LANGUAGE_STANDARD = gnu11;
				GCC_NO_COMMON_BLOCKS = YES;
				GCC_WARN_64_TO_32_BIT_CONVERSION = YES;
				GCC_WARN_ABOUT_RETURN_TYPE = YES_ERROR;
				GCC_WARN_UNDECLARED_SELECTOR = YES;
				GCC_WARN_UNINITIALIZED_AUTOS = YES_AGGRESSIVE;
				GCC_WARN_UNUSED_FUNCTION = YES;
				GCC_WARN_UNUSED_VARIABLE = YES;
				IPHONEOS_DEPLOYMENT_TARGET = 12.2;
				MTL_ENABLE_DEBUG_INFO = NO;
				MTL_FAST_MATH = YES;
				SDKROOT = iphoneos;
				SWIFT_COMPILATION_MODE = wholemodule;
				SWIFT_OPTIMIZATION_LEVEL = "-O";
				VALIDATE_PRODUCT = YES;
			};
			name = Release;
		};
		A06EE68E229EF89A00D2F9AA /* Debug */ = {
			isa = XCBuildConfiguration;
			baseConfigurationReference = FEE00B67F40277460CC2B484 /* Pods-Robobo.debug.xcconfig */;
			buildSettings = {
				ASSETCATALOG_COMPILER_APPICON_NAME = "AppIcon-3";
				CODE_SIGN_STYLE = Automatic;
				DEVELOPMENT_TEAM = UMDK4H4H7C;
				INFOPLIST_FILE = Robobo/Info.plist;
				IPHONEOS_DEPLOYMENT_TARGET = 10.0;
				LD_RUNPATH_SEARCH_PATHS = (
					"$(inherited)",
					"@executable_path/Frameworks",
				);
				PRODUCT_BUNDLE_IDENTIFIER = UMDK4H4H7C.com.mintforpeople.Robobo;
				PRODUCT_NAME = "$(TARGET_NAME)";
				SWIFT_VERSION = 5.0;
				TARGETED_DEVICE_FAMILY = "1,2";
			};
			name = Debug;
		};
		A06EE68F229EF89A00D2F9AA /* Release */ = {
			isa = XCBuildConfiguration;
			baseConfigurationReference = 761EB9AC4336BE025B1413C4 /* Pods-Robobo.release.xcconfig */;
			buildSettings = {
				ASSETCATALOG_COMPILER_APPICON_NAME = "AppIcon-3";
				CODE_SIGN_STYLE = Automatic;
				DEVELOPMENT_TEAM = UMDK4H4H7C;
				INFOPLIST_FILE = Robobo/Info.plist;
				IPHONEOS_DEPLOYMENT_TARGET = 10.0;
				LD_RUNPATH_SEARCH_PATHS = (
					"$(inherited)",
					"@executable_path/Frameworks",
				);
				PRODUCT_BUNDLE_IDENTIFIER = UMDK4H4H7C.com.mintforpeople.Robobo;
				PRODUCT_NAME = "$(TARGET_NAME)";
				SWIFT_VERSION = 5.0;
				TARGETED_DEVICE_FAMILY = "1,2";
			};
			name = Release;
		};
/* End XCBuildConfiguration section */

/* Begin XCConfigurationList section */
		A06EE676229EF89900D2F9AA /* Build configuration list for PBXProject "Robobo" */ = {
			isa = XCConfigurationList;
			buildConfigurations = (
				A06EE68B229EF89A00D2F9AA /* Debug */,
				A06EE68C229EF89A00D2F9AA /* Release */,
			);
			defaultConfigurationIsVisible = 0;
			defaultConfigurationName = Release;
		};
		A06EE68D229EF89A00D2F9AA /* Build configuration list for PBXNativeTarget "Robobo" */ = {
			isa = XCConfigurationList;
			buildConfigurations = (
				A06EE68E229EF89A00D2F9AA /* Debug */,
				A06EE68F229EF89A00D2F9AA /* Release */,
			);
			defaultConfigurationIsVisible = 0;
			defaultConfigurationName = Release;
		};
/* End XCConfigurationList section */
	};
	rootObject = A06EE673229EF89900D2F9AA /* Project object */;
}
